
Microsoft Visual Studio Solution File, Format Version 12.00
# Visual Studio Version 17
VisualStudioVersion = 17.4.33403.182
MinimumVisualStudioVersion = 10.0.40219.1
Project("{FAE04EC0-301F-11D3-BF4B-00C04F79EFBC}") = "Proyecto de AADV", "Proyecto de AADV\Proyecto de AADV.csproj", "{6A45B77A-D752-4F96-BBD0-39E62C3A1F5A}"
EndProject
Project("{2150E333-8FDC-42A3-9474-1A3956D46DE8}") = "Elementos de la solución", "Elementos de la solución", "{C4A809A6-FB26-4CDA-83B1-23B10415BE1E}"
EndProject
Global
	GlobalSection(SolutionConfigurationPlatforms) = preSolution
		Debug|Any CPU = Debug|Any CPU
		Release|Any CPU = Release|Any CPU
	EndGlobalSection
	GlobalSection(ProjectConfigurationPlatforms) = postSolution
		{6A45B77A-D752-4F96-BBD0-39E62C3A1F5A}.Debug|Any CPU.ActiveCfg = Debug|Any CPU
		{6A45B77A-D752-4F96-BBD0-39E62C3A1F5A}.Debug|Any CPU.Build.0 = Debug|Any CPU
		{6A45B77A-D752-4F96-BBD0-39E62C3A1F5A}.Release|Any CPU.ActiveCfg = Release|Any CPU
		{6A45B77A-D752-4F96-BBD0-39E62C3A1F5A}.Release|Any CPU.Build.0 = Release|Any CPU
	EndGlobalSection
	GlobalSection(SolutionProperties) = preSolution
		HideSolutionNode = FALSE
	EndGlobalSection
	GlobalSection(ExtensibilityGlobals) = postSolution
		SolutionGuid = {4E37C9C1-A54A-417A-962E-E1CBC89A9703}
	EndGlobalSection
EndGlobal
